
Microsoft Visual Studio Solution File, Format Version 12.00
# Visual Studio Version 17
VisualStudioVersion = 17.1.32328.378
MinimumVisualStudioVersion = 10.0.40219.1
Project("{FAE04EC0-301F-11D3-BF4B-00C04F79EFBC}") = "suka", "suka.csproj", "{879A374B-DFF2-4ED5-95C6-2A05478230C3}"
EndProject
Global
	GlobalSection(SolutionConfigurationPlatforms) = preSolution
		Debug|Any CPU = Debug|Any CPU
		Release|Any CPU = Release|Any CPU
	EndGlobalSection
	GlobalSection(ProjectConfigurationPlatforms) = postSolution
		{879A374B-DFF2-4ED5-95C6-2A05478230C3}.Debug|Any CPU.ActiveCfg = Debug|Any CPU
		{879A374B-DFF2-4ED5-95C6-2A05478230C3}.Debug|Any CPU.Build.0 = Debug|Any CPU
		{879A374B-DFF2-4ED5-95C6-2A05478230C3}.Release|Any CPU.ActiveCfg = Release|Any CPU
		{879A374B-DFF2-4ED5-95C6-2A05478230C3}.Release|Any CPU.Build.0 = Release|Any CPU
	EndGlobalSection
	GlobalSection(SolutionProperties) = preSolution
		HideSolutionNode = FALSE
	EndGlobalSection
	GlobalSection(ExtensibilityGlobals) = postSolution
		SolutionGuid = {BDB86F5C-A73D-4376-840A-F81E6952F061}
	EndGlobalSection
EndGlobal
